// !$*UTF8*$!
{
	archiveVersion = 1;
	classes = {
	};
	objectVersion = 46;
	objects = {

/* Begin PBXBuildFile section */
		DD7DB92B1CC691660091F6BF /* AppDelegate.swift in Sources */ = {isa = PBXBuildFile; fileRef = DD7DB92A1CC691660091F6BF /* AppDelegate.swift */; };
		DD7DB92D1CC691660091F6BF /* ViewController.swift in Sources */ = {isa = PBXBuildFile; fileRef = DD7DB92C1CC691660091F6BF /* ViewController.swift */; };
		DD7DB9301CC691660091F6BF /* Main.storyboard in Resources */ = {isa = PBXBuildFile; fileRef = DD7DB92E1CC691660091F6BF /* Main.storyboard */; };
		DD7DB9321CC691660091F6BF /* Assets.xcassets in Resources */ = {isa = PBXBuildFile; fileRef = DD7DB9311CC691660091F6BF /* Assets.xcassets */; };
		DD7DB9351CC691660091F6BF /* LaunchScreen.storyboard in Resources */ = {isa = PBXBuildFile; fileRef = DD7DB9331CC691660091F6BF /* LaunchScreen.storyboard */; };
		DD7DB93D1CC6916F0091F6BF /* Card.swift in Sources */ = {isa = PBXBuildFile; fileRef = DD7DB93C1CC6916F0091F6BF /* Card.swift */; };
		DD7DB93F1CC691770091F6BF /* CardController.swift in Sources */ = {isa = PBXBuildFile; fileRef = DD7DB93E1CC691770091F6BF /* CardController.swift */; };
		DD7DB9411CC6917D0091F6BF /* NetworkController.swift in Sources */ = {isa = PBXBuildFile; fileRef = DD7DB9401CC6917D0091F6BF /* NetworkController.swift */; };
		DD7DB9431CC697600091F6BF /* GameController.swift in Sources */ = {isa = PBXBuildFile; fileRef = DD7DB9421CC697600091F6BF /* GameController.swift */; };
		DD7DB9451CC6A6760091F6BF /* ImageController.swift in Sources */ = {isa = PBXBuildFile; fileRef = DD7DB9441CC6A6760091F6BF /* ImageController.swift */; };
/* End PBXBuildFile section */

/* Begin PBXFileReference section */
		DD7DB9271CC691660091F6BF /* CardGame.app */ = {isa = PBXFileReference; explicitFileType = wrapper.application; includeInIndex = 0; path = CardGame.app; sourceTree = BUILT_PRODUCTS_DIR; };
		DD7DB92A1CC691660091F6BF /* AppDelegate.swift */ = {isa = PBXFileReference; lastKnownFileType = sourcecode.swift; path = AppDelegate.swift; sourceTree = "<group>"; };
		DD7DB92C1CC691660091F6BF /* ViewController.swift */ = {isa = PBXFileReference; lastKnownFileType = sourcecode.swift; path = ViewController.swift; sourceTree = "<group>"; };
		DD7DB92F1CC691660091F6BF /* Base */ = {isa = PBXFileReference; lastKnownFileType = file.storyboard; name = Base; path = Base.lproj/Main.storyboard; sourceTree = "<group>"; };
		DD7DB9311CC691660091F6BF /* Assets.xcassets */ = {isa = PBXFileReference; lastKnownFileType = folder.assetcatalog; path = Assets.xcassets; sourceTree = "<group>"; };
		DD7DB9341CC691660091F6BF /* Base */ = {isa = PBXFileReference; lastKnownFileType = file.storyboard; name = Base; path = Base.lproj/LaunchScreen.storyboard; sourceTree = "<group>"; };
		DD7DB9361CC691660091F6BF /* Info.plist */ = {isa = PBXFileReference; lastKnownFileType = text.plist.xml; path = Info.plist; sourceTree = "<group>"; };
		DD7DB93C1CC6916F0091F6BF /* Card.swift */ = {isa = PBXFileReference; fileEncoding = 4; lastKnownFileType = sourcecode.swift; path = Card.swift; sourceTree = "<group>"; };
		DD7DB93E1CC691770091F6BF /* CardController.swift */ = {isa = PBXFileReference; fileEncoding = 4; lastKnownFileType = sourcecode.swift; path = CardController.swift; sourceTree = "<group>"; };
		DD7DB9401CC6917D0091F6BF /* NetworkController.swift */ = {isa = PBXFileReference; fileEncoding = 4; lastKnownFileType = sourcecode.swift; path = NetworkController.swift; sourceTree = "<group>"; };
		DD7DB9421CC697600091F6BF /* GameController.swift */ = {isa = PBXFileReference; fileEncoding = 4; lastKnownFileType = sourcecode.swift; path = GameController.swift; sourceTree = "<group>"; };
		DD7DB9441CC6A6760091F6BF /* ImageController.swift */ = {isa = PBXFileReference; fileEncoding = 4; lastKnownFileType = sourcecode.swift; path = ImageController.swift; sourceTree = "<group>"; };
/* End PBXFileReference section */

/* Begin PBXFrameworksBuildPhase section */
		DD7DB9241CC691660091F6BF /* Frameworks */ = {
			isa = PBXFrameworksBuildPhase;
			buildActionMask = 2147483647;
			files = (
			);
			runOnlyForDeploymentPostprocessing = 0;
		};
/* End PBXFrameworksBuildPhase section */

/* Begin PBXGroup section */
		DD7DB91E1CC691660091F6BF = {
			isa = PBXGroup;
			children = (
				DD7DB9291CC691660091F6BF /* CardGame */,
				DD7DB9281CC691660091F6BF /* Products */,
			);
			sourceTree = "<group>";
		};
		DD7DB9281CC691660091F6BF /* Products */ = {
			isa = PBXGroup;
			children = (
				DD7DB9271CC691660091F6BF /* CardGame.app */,
			);
			name = Products;
			sourceTree = "<group>";
		};
		DD7DB9291CC691660091F6BF /* CardGame */ = {
			isa = PBXGroup;
			children = (
				DD7DB92A1CC691660091F6BF /* AppDelegate.swift */,
				DD7DB92C1CC691660091F6BF /* ViewController.swift */,
				DD7DB9441CC6A6760091F6BF /* ImageController.swift */,
				DD7DB93C1CC6916F0091F6BF /* Card.swift */,
				DD7DB93E1CC691770091F6BF /* CardController.swift */,
				DD7DB9421CC697600091F6BF /* GameController.swift */,
				DD7DB9401CC6917D0091F6BF /* NetworkController.swift */,
				DD7DB92E1CC691660091F6BF /* Main.storyboard */,
				DD7DB9311CC691660091F6BF /* Assets.xcassets */,
				DD7DB9331CC691660091F6BF /* LaunchScreen.storyboard */,
				DD7DB9361CC691660091F6BF /* Info.plist */,
			);
			path = CardGame;
			sourceTree = "<group>";
		};
/* End PBXGroup section */

/* Begin PBXNativeTarget section */
		DD7DB9261CC691660091F6BF /* CardGame */ = {
			isa = PBXNativeTarget;
			buildConfigurationList = DD7DB9391CC691660091F6BF /* Build configuration list for PBXNativeTarget "CardGame" */;
			buildPhases = (
				DD7DB9231CC691660091F6BF /* Sources */,
				DD7DB9241CC691660091F6BF /* Frameworks */,
				DD7DB9251CC691660091F6BF /* Resources */,
			);
			buildRules = (
			);
			dependencies = (
			);
			name = CardGame;
			productName = CardGame;
			productReference = DD7DB9271CC691660091F6BF /* CardGame.app */;
			productType = "com.apple.product-type.application";
		};
/* End PBXNativeTarget section */

/* Begin PBXProject section */
		DD7DB91F1CC691660091F6BF /* Project object */ = {
			isa = PBXProject;
			attributes = {
				LastSwiftUpdateCheck = 0730;
				LastUpgradeCheck = 0730;
				ORGANIZATIONNAME = "Parker Donat";
				TargetAttributes = {
					DD7DB9261CC691660091F6BF = {
						CreatedOnToolsVersion = 7.3;
					};
				};
			};
			buildConfigurationList = DD7DB9221CC691660091F6BF /* Build configuration list for PBXProject "CardGame" */;
			compatibilityVersion = "Xcode 3.2";
			developmentRegion = English;
			hasScannedForEncodings = 0;
			knownRegions = (
				en,
				Base,
			);
			mainGroup = DD7DB91E1CC691660091F6BF;
			productRefGroup = DD7DB9281CC691660091F6BF /* Products */;
			projectDirPath = "";
			projectRoot = "";
			targets = (
				DD7DB9261CC691660091F6BF /* CardGame */,
			);
		};
/* End PBXProject section */

/* Begin PBXResourcesBuildPhase section */
		DD7DB9251CC691660091F6BF /* Resources */ = {
			isa = PBXResourcesBuildPhase;
			buildActionMask = 2147483647;
			files = (
				DD7DB9351CC691660091F6BF /* LaunchScreen.storyboard in Resources */,
				DD7DB9321CC691660091F6BF /* Assets.xcassets in Resources */,
				DD7DB9301CC691660091F6BF /* Main.storyboard in Resources */,
			);
			runOnlyForDeploymentPostprocessing = 0;
		};
/* End PBXResourcesBuildPhase section */

/* Begin PBXSourcesBuildPhase section */
		DD7DB9231CC691660091F6BF /* Sources */ = {
			isa = PBXSourcesBuildPhase;
			buildActionMask = 2147483647;
			files = (
				DD7DB9451CC6A6760091F6BF /* ImageController.swift in Sources */,
				DD7DB9411CC6917D0091F6BF /* NetworkController.swift in Sources */,
				DD7DB9431CC697600091F6BF /* GameController.swift in Sources */,
				DD7DB92D1CC691660091F6BF /* ViewController.swift in Sources */,
				DD7DB93F1CC691770091F6BF /* CardController.swift in Sources */,
				DD7DB93D1CC6916F0091F6BF /* Card.swift in Sources */,
				DD7DB92B1CC691660091F6BF /* AppDelegate.swift in Sources */,
			);
			runOnlyForDeploymentPostprocessing = 0;
		};
/* End PBXSourcesBuildPhase section */

/* Begin PBXVariantGroup section */
		DD7DB92E1CC691660091F6BF /* Main.storyboard */ = {
			isa = PBXVariantGroup;
			children = (
				DD7DB92F1CC691660091F6BF /* Base */,
			);
			name = Main.storyboard;
			sourceTree = "<group>";
		};
		DD7DB9331CC691660091F6BF /* LaunchScreen.storyboard */ = {
			isa = PBXVariantGroup;
			children = (
				DD7DB9341CC691660091F6BF /* Base */,
			);
			name = LaunchScreen.storyboard;
			sourceTree = "<group>";
		};
/* End PBXVariantGroup section */

/* Begin XCBuildConfiguration section */
		DD7DB9371CC691660091F6BF /* Debug */ = {
			isa = XCBuildConfiguration;
			buildSettings = {
				ALWAYS_SEARCH_USER_PATHS = NO;
				CLANG_ANALYZER_NONNULL = YES;
				CLANG_CXX_LANGUAGE_STANDARD = "gnu++0x";
				CLANG_CXX_LIBRARY = "libc++";
				CLANG_ENABLE_MODULES = YES;
				CLANG_ENABLE_OBJC_ARC = YES;
				CLANG_WARN_BOOL_CONVERSION = YES;
				CLANG_WARN_CONSTANT_CONVERSION = YES;
				CLANG_WARN_DIRECT_OBJC_ISA_USAGE = YES_ERROR;
				CLANG_WARN_EMPTY_BODY = YES;
				CLANG_WARN_ENUM_CONVERSION = YES;
				CLANG_WARN_INT_CONVERSION = YES;
				CLANG_WARN_OBJC_ROOT_CLASS = YES_ERROR;
				CLANG_WARN_UNREACHABLE_CODE = YES;
				CLANG_WARN__DUPLICATE_METHOD_MATCH = YES;
				"CODE_SIGN_IDENTITY[sdk=iphoneos*]" = "iPhone Developer";
				COPY_PHASE_STRIP = NO;
				DEBUG_INFORMATION_FORMAT = dwarf;
				ENABLE_STRICT_OBJC_MSGSEND = YES;
				ENABLE_TESTABILITY = YES;
				GCC_C_LANGUAGE_STANDARD = gnu99;
				GCC_DYNAMIC_NO_PIC = NO;
				GCC_NO_COMMON_BLOCKS = YES;
				GCC_OPTIMIZATION_LEVEL = 0;
				GCC_PREPROCESSOR_DEFINITIONS = (
					"DEBUG=1",
					"$(inherited)",
				);
				GCC_WARN_64_TO_32_BIT_CONVERSION = YES;
				GCC_WARN_ABOUT_RETURN_TYPE = YES_ERROR;
				GCC_WARN_UNDECLARED_SELECTOR = YES;
				GCC_WARN_UNINITIALIZED_AUTOS = YES_AGGRESSIVE;
				GCC_WARN_UNUSED_FUNCTION = YES;
				GCC_WARN_UNUSED_VARIABLE = YES;
				IPHONEOS_DEPLOYMENT_TARGET = 9.3;
				MTL_ENABLE_DEBUG_INFO = YES;
				ONLY_ACTIVE_ARCH = YES;
				SDKROOT = iphoneos;
				SWIFT_OPTIMIZATION_LEVEL = "-Onone";
			};
			name = Debug;
		};
		DD7DB9381CC691660091F6BF /* Release */ = {
			isa = XCBuildConfiguration;
			buildSettings = {
				ALWAYS_SEARCH_USER_PATHS = NO;
				CLANG_ANALYZER_NONNULL = YES;
				CLANG_CXX_LANGUAGE_STANDARD = "gnu++0x";
				CLANG_CXX_LIBRARY = "libc++";
				CLANG_ENABLE_MODULES = YES;
				CLANG_ENABLE_OBJC_ARC = YES;
				CLANG_WARN_BOOL_CONVERSION = YES;
				CLANG_WARN_CONSTANT_CONVERSION = YES;
				CLANG_WARN_DIRECT_OBJC_ISA_USAGE = YES_ERROR;
				CLANG_WARN_EMPTY_BODY = YES;
				CLANG_WARN_ENUM_CONVERSION = YES;
				CLANG_WARN_INT_CONVERSION = YES;
				CLANG_WARN_OBJC_ROOT_CLASS = YES_ERROR;
				CLANG_WARN_UNREACHABLE_CODE = YES;
				CLANG_WARN__DUPLICATE_METHOD_MATCH = YES;
				"CODE_SIGN_IDENTITY[sdk=iphoneos*]" = "iPhone Developer";
				COPY_PHASE_STRIP = NO;
				DEBUG_INFORMATION_FORMAT = "dwarf-with-dsym";
				ENABLE_NS_ASSERTIONS = NO;
				ENABLE_STRICT_OBJC_MSGSEND = YES;
				GCC_C_LANGUAGE_STANDARD = gnu99;
				GCC_NO_COMMON_BLOCKS = YES;
				GCC_WARN_64_TO_32_BIT_CONVERSION = YES;
				GCC_WARN_ABOUT_RETURN_TYPE = YES_ERROR;
				GCC_WARN_UNDECLARED_SELECTOR = YES;
				GCC_WARN_UNINITIALIZED_AUTOS = YES_AGGRESSIVE;
				GCC_WARN_UNUSED_FUNCTION = YES;
				GCC_WARN_UNUSED_VARIABLE = YES;
				IPHONEOS_DEPLOYMENT_TARGET = 9.3;
				MTL_ENABLE_DEBUG_INFO = NO;
				SDKROOT = iphoneos;
				VALIDATE_PRODUCT = YES;
			};
			name = Release;
		};
		DD7DB93A1CC691660091F6BF /* Debug */ = {
			isa = XCBuildConfiguration;
			buildSettings = {
				ASSETCATALOG_COMPILER_APPICON_NAME = AppIcon;
				INFOPLIST_FILE = CardGame/Info.plist;
				LD_RUNPATH_SEARCH_PATHS = "$(inherited) @executable_path/Frameworks";
				PRODUCT_BUNDLE_IDENTIFIER = com.parkerdonat.CardGame;
				PRODUCT_NAME = "$(TARGET_NAME)";
			};
			name = Debug;
		};
		DD7DB93B1CC691660091F6BF /* Release */ = {
			isa = XCBuildConfiguration;
			buildSettings = {
				ASSETCATALOG_COMPILER_APPICON_NAME = AppIcon;
				INFOPLIST_FILE = CardGame/Info.plist;
				LD_RUNPATH_SEARCH_PATHS = "$(inherited) @executable_path/Frameworks";
				PRODUCT_BUNDLE_IDENTIFIER = com.parkerdonat.CardGame;
				PRODUCT_NAME = "$(TARGET_NAME)";
			};
			name = Release;
		};
/* End XCBuildConfiguration section */

/* Begin XCConfigurationList section */
		DD7DB9221CC691660091F6BF /* Build configuration list for PBXProject "CardGame" */ = {
			isa = XCConfigurationList;
			buildConfigurations = (
				DD7DB9371CC691660091F6BF /* Debug */,
				DD7DB9381CC691660091F6BF /* Release */,
			);
			defaultConfigurationIsVisible = 0;
			defaultConfigurationName = Release;
		};
		DD7DB9391CC691660091F6BF /* Build configuration list for PBXNativeTarget "CardGame" */ = {
			isa = XCConfigurationList;
			buildConfigurations = (
				DD7DB93A1CC691660091F6BF /* Debug */,
				DD7DB93B1CC691660091F6BF /* Release */,
			);
			defaultConfigurationIsVisible = 0;
		};
/* End XCConfigurationList section */
	};
	rootObject = DD7DB91F1CC691660091F6BF /* Project object */;
}
